
Microsoft Visual Studio Solution File, Format Version 12.00
# Visual Studio 15
VisualStudioVersion = 15.0.28010.2048
MinimumVisualStudioVersion = 10.0.40219.1
Project("{FAE04EC0-301F-11D3-BF4B-00C04F79EFBC}") = "Podemski.Musicorum.UI", "Podemski.Musicorum.UI\Podemski.Musicorum.UI.csproj", "{C9AF8552-B2CD-48E7-9075-A08164CF7427}"
EndProject
Project("{FAE04EC0-301F-11D3-BF4B-00C04F79EFBC}") = "Podemski.Musicorum.Core", "Podemski.Musicorum.Core\Podemski.Musicorum.Core.csproj", "{BD5E3662-C6B7-4CD1-B92E-33211E028DAC}"
EndProject
Project("{FAE04EC0-301F-11D3-BF4B-00C04F79EFBC}") = "Podemski.Musicorum.Infrastructure", "Podemski.Musicorum.Infrastructure\Podemski.Musicorum.Infrastructure.csproj", "{A869EC6D-FD7A-4D02-BFB8-34BE9DB741E3}"
EndProject
Project("{FAE04EC0-301F-11D3-BF4B-00C04F79EFBC}") = "Podemski.Musicorum.Common", "Podemski.Musicorum.Common\Podemski.Musicorum.Common.csproj", "{32D296C3-4164-4718-AA7B-45ABED9EA8B5}"
EndProject
Project("{FAE04EC0-301F-11D3-BF4B-00C04F79EFBC}") = "Podemski.Musicorum.Application", "Podemski.Musicorum.Application\Podemski.Musicorum.Application.csproj", "{495BA246-0111-4A11-94DC-42DEE2531D4D}"
EndProject
Global
	GlobalSection(SolutionConfigurationPlatforms) = preSolution
		Debug|Any CPU = Debug|Any CPU
		Release|Any CPU = Release|Any CPU
	EndGlobalSection
	GlobalSection(ProjectConfigurationPlatforms) = postSolution
		{C9AF8552-B2CD-48E7-9075-A08164CF7427}.Debug|Any CPU.ActiveCfg = Debug|Any CPU
		{C9AF8552-B2CD-48E7-9075-A08164CF7427}.Debug|Any CPU.Build.0 = Debug|Any CPU
		{C9AF8552-B2CD-48E7-9075-A08164CF7427}.Release|Any CPU.ActiveCfg = Release|Any CPU
		{C9AF8552-B2CD-48E7-9075-A08164CF7427}.Release|Any CPU.Build.0 = Release|Any CPU
		{BD5E3662-C6B7-4CD1-B92E-33211E028DAC}.Debug|Any CPU.ActiveCfg = Debug|Any CPU
		{BD5E3662-C6B7-4CD1-B92E-33211E028DAC}.Debug|Any CPU.Build.0 = Debug|Any CPU
		{BD5E3662-C6B7-4CD1-B92E-33211E028DAC}.Release|Any CPU.ActiveCfg = Release|Any CPU
		{BD5E3662-C6B7-4CD1-B92E-33211E028DAC}.Release|Any CPU.Build.0 = Release|Any CPU
		{A869EC6D-FD7A-4D02-BFB8-34BE9DB741E3}.Debug|Any CPU.ActiveCfg = Debug|Any CPU
		{A869EC6D-FD7A-4D02-BFB8-34BE9DB741E3}.Debug|Any CPU.Build.0 = Debug|Any CPU
		{A869EC6D-FD7A-4D02-BFB8-34BE9DB741E3}.Release|Any CPU.ActiveCfg = Release|Any CPU
		{A869EC6D-FD7A-4D02-BFB8-34BE9DB741E3}.Release|Any CPU.Build.0 = Release|Any CPU
		{32D296C3-4164-4718-AA7B-45ABED9EA8B5}.Debug|Any CPU.ActiveCfg = Debug|Any CPU
		{32D296C3-4164-4718-AA7B-45ABED9EA8B5}.Debug|Any CPU.Build.0 = Debug|Any CPU
		{32D296C3-4164-4718-AA7B-45ABED9EA8B5}.Release|Any CPU.ActiveCfg = Release|Any CPU
		{32D296C3-4164-4718-AA7B-45ABED9EA8B5}.Release|Any CPU.Build.0 = Release|Any CPU
		{495BA246-0111-4A11-94DC-42DEE2531D4D}.Debug|Any CPU.ActiveCfg = Debug|Any CPU
		{495BA246-0111-4A11-94DC-42DEE2531D4D}.Debug|Any CPU.Build.0 = Debug|Any CPU
		{495BA246-0111-4A11-94DC-42DEE2531D4D}.Release|Any CPU.ActiveCfg = Release|Any CPU
		{495BA246-0111-4A11-94DC-42DEE2531D4D}.Release|Any CPU.Build.0 = Release|Any CPU
	EndGlobalSection
	GlobalSection(SolutionProperties) = preSolution
		HideSolutionNode = FALSE
	EndGlobalSection
	GlobalSection(ExtensibilityGlobals) = postSolution
		SolutionGuid = {D2C6E74E-AC09-4BE2-9EC6-F5F1ED2F62F2}
	EndGlobalSection
EndGlobal
